github.com/go-phings/broccli v2.0.0+incompatible h1:u0+b8He3ZJh8sn8C3Xn3tg5dvL9xZPJZe5JXnogq+mc=
github.com/go-phings/broccli v2.0.0+incompatible/go.mod h1:P/IIXOofkt4Eevq0//bUVmUVmMdLnDh3MGPJC7wuM0w=
github.com/go-phings/terminal-ui v0.2.1 h1:Ba2KY6MiJ+xg6ALPmDeDQYEVFQK9L1ymZp/6TK7iklc=
github.com/go-phings/terminal-ui v0.2.1/go.mod h1:hyl42+Sor0aWyQ5qViet2AiOVI1DZvNJXNhitF4ytHM=
