gopkg.pl/mikogs/broccli/v3 v3.0.1 h1:MBFTJIH+Rrmu5FuuC5a6WYuI4xolOwmXZEi91cmUs5I=
gopkg.pl/mikogs/broccli/v3 v3.0.1/go.mod h1:CC2HMcHuZ9zkaXBewqeB+aMR+knQmSZFkC/gvgvgzpw=
gopkg.pl/mikogs/termui v0.5.3 h1:GNH3uBv8iw73mKNiK936LZhIiuPyJEMcc7wDLPUrrfc=
gopkg.pl/mikogs/termui v0.5.3/go.mod h1:aMEgF/1GVhqlvlxAZmadDWkkCT5AYPIEdv1OmsK/sC8=
